{
  "requires": true,
  "lockfileVersion": 1,
  "dependencies": {
    "bootstrap": {
      "version": "5.1.3",
      "resolved": "https://registry.npmjs.org/bootstrap/-/bootstrap-5.1.3.tgz",
      "integrity": "sha512-fcQztozJ8jToQWXxVuEyXWW+dSo8AiXWKwiSSrKWsRB/Qt+Ewwza+JWoLKiTuQLaEPhdNAJ7+Dosc9DOIqNy7Q=="
    },
    "jquery": {
      "version": "3.6.0",
      "resolved": "https://registry.npmjs.org/jquery/-/jquery-3.6.0.tgz",
      "integrity": "sha512-JVzAR/AjBvVt2BmYhxRCSYysDsPcssdmTFnzyLEts9qNwmjmu4JTAMYubEfwVOSwpQ1I1sKKFcxhZCI2buerfw=="
    },
    "owl.carousel2": {
      "version": "2.2.2",
      "resolved": "https://registry.npmjs.org/owl.carousel2/-/owl.carousel2-2.2.2.tgz",
      "integrity": "sha512-921RxBewuoM/g4Y/CxLrbYnhdOmA5f84/jMOekyr3yi752Jjc/T+QaWJdDJ8YiiaOuoli8XP/O4/YvWBSrUPdg==",
      "requires": {
        "jquery": ">=1.8.3"
      }
    }
  }
}
